// !$*UTF8*$!
{
	archiveVersion = 1;
	classes = {
	};
	objectVersion = 56;
	objects = {

/* Begin PBXBuildFile section */
		3C85106A290CECC500D1CFF2 /* AppDelegate.swift in Sources */ = {isa = PBXBuildFile; fileRef = 3C851069290CECC500D1CFF2 /* AppDelegate.swift */; };
		3C85106C290CECC500D1CFF2 /* SceneDelegate.swift in Sources */ = {isa = PBXBuildFile; fileRef = 3C85106B290CECC500D1CFF2 /* SceneDelegate.swift */; };
		3C85106E290CECC500D1CFF2 /* ViewController.swift in Sources */ = {isa = PBXBuildFile; fileRef = 3C85106D290CECC500D1CFF2 /* ViewController.swift */; };
		3C851071290CECC500D1CFF2 /* Main.storyboard in Resources */ = {isa = PBXBuildFile; fileRef = 3C85106F290CECC500D1CFF2 /* Main.storyboard */; };
		3C851073290CECC600D1CFF2 /* Assets.xcassets in Resources */ = {isa = PBXBuildFile; fileRef = 3C851072290CECC600D1CFF2 /* Assets.xcassets */; };
		3C851076290CECC600D1CFF2 /* LaunchScreen.storyboard in Resources */ = {isa = PBXBuildFile; fileRef = 3C851074290CECC600D1CFF2 /* LaunchScreen.storyboard */; };
		3C85107E290CEFDE00D1CFF2 /* GoogleService-Info.plist in Resources */ = {isa = PBXBuildFile; fileRef = 3C85107D290CEFDE00D1CFF2 /* GoogleService-Info.plist */; };
		3C851081290CF03800D1CFF2 /* FirebaseAnalytics in Frameworks */ = {isa = PBXBuildFile; productRef = 3C851080290CF03800D1CFF2 /* FirebaseAnalytics */; };
		3C851083290CF03800D1CFF2 /* FirebaseAuth in Frameworks */ = {isa = PBXBuildFile; productRef = 3C851082290CF03800D1CFF2 /* FirebaseAuth */; };
		3C851087290CF33D00D1CFF2 /* CreateAccountViewController.swift in Sources */ = {isa = PBXBuildFile; fileRef = 3C851086290CF33D00D1CFF2 /* CreateAccountViewController.swift */; };
		3CDC8C5C290CF806004F735E /* Tools.swift in Sources */ = {isa = PBXBuildFile; fileRef = 3CDC8C5B290CF806004F735E /* Tools.swift */; };
/* End PBXBuildFile section */

/* Begin PBXFileReference section */
		3C851066290CECC500D1CFF2 /* A902EmailAuth.app */ = {isa = PBXFileReference; explicitFileType = wrapper.application; includeInIndex = 0; path = A902EmailAuth.app; sourceTree = BUILT_PRODUCTS_DIR; };
		3C851069290CECC500D1CFF2 /* AppDelegate.swift */ = {isa = PBXFileReference; lastKnownFileType = sourcecode.swift; path = AppDelegate.swift; sourceTree = "<group>"; };
		3C85106B290CECC500D1CFF2 /* SceneDelegate.swift */ = {isa = PBXFileReference; lastKnownFileType = sourcecode.swift; path = SceneDelegate.swift; sourceTree = "<group>"; };
		3C85106D290CECC500D1CFF2 /* ViewController.swift */ = {isa = PBXFileReference; lastKnownFileType = sourcecode.swift; path = ViewController.swift; sourceTree = "<group>"; };
		3C851070290CECC500D1CFF2 /* Base */ = {isa = PBXFileReference; lastKnownFileType = file.storyboard; name = Base; path = Base.lproj/Main.storyboard; sourceTree = "<group>"; };
		3C851072290CECC600D1CFF2 /* Assets.xcassets */ = {isa = PBXFileReference; lastKnownFileType = folder.assetcatalog; path = Assets.xcassets; sourceTree = "<group>"; };
		3C851075290CECC600D1CFF2 /* Base */ = {isa = PBXFileReference; lastKnownFileType = file.storyboard; name = Base; path = Base.lproj/LaunchScreen.storyboard; sourceTree = "<group>"; };
		3C851077290CECC600D1CFF2 /* Info.plist */ = {isa = PBXFileReference; lastKnownFileType = text.plist.xml; path = Info.plist; sourceTree = "<group>"; };
		3C85107D290CEFDE00D1CFF2 /* GoogleService-Info.plist */ = {isa = PBXFileReference; fileEncoding = 4; lastKnownFileType = text.plist.xml; path = "GoogleService-Info.plist"; sourceTree = "<group>"; };
		3C851086290CF33D00D1CFF2 /* CreateAccountViewController.swift */ = {isa = PBXFileReference; lastKnownFileType = sourcecode.swift; path = CreateAccountViewController.swift; sourceTree = "<group>"; };
		3CDC8C5B290CF806004F735E /* Tools.swift */ = {isa = PBXFileReference; lastKnownFileType = sourcecode.swift; path = Tools.swift; sourceTree = "<group>"; };
/* End PBXFileReference section */

/* Begin PBXFrameworksBuildPhase section */
		3C851063290CECC500D1CFF2 /* Frameworks */ = {
			isa = PBXFrameworksBuildPhase;
			buildActionMask = 2147483647;
			files = (
				3C851081290CF03800D1CFF2 /* FirebaseAnalytics in Frameworks */,
				3C851083290CF03800D1CFF2 /* FirebaseAuth in Frameworks */,
			);
			runOnlyForDeploymentPostprocessing = 0;
		};
/* End PBXFrameworksBuildPhase section */

/* Begin PBXGroup section */
		3C85105D290CECC500D1CFF2 = {
			isa = PBXGroup;
			children = (
				3C851068290CECC500D1CFF2 /* A902EmailAuth */,
				3C851067290CECC500D1CFF2 /* Products */,
			);
			sourceTree = "<group>";
		};
		3C851067290CECC500D1CFF2 /* Products */ = {
			isa = PBXGroup;
			children = (
				3C851066290CECC500D1CFF2 /* A902EmailAuth.app */,
			);
			name = Products;
			sourceTree = "<group>";
		};
		3C851068290CECC500D1CFF2 /* A902EmailAuth */ = {
			isa = PBXGroup;
			children = (
				3C85107D290CEFDE00D1CFF2 /* GoogleService-Info.plist */,
				3C851069290CECC500D1CFF2 /* AppDelegate.swift */,
				3C85106B290CECC500D1CFF2 /* SceneDelegate.swift */,
				3C85106D290CECC500D1CFF2 /* ViewController.swift */,
				3C85106F290CECC500D1CFF2 /* Main.storyboard */,
				3C851072290CECC600D1CFF2 /* Assets.xcassets */,
				3C851074290CECC600D1CFF2 /* LaunchScreen.storyboard */,
				3C851077290CECC600D1CFF2 /* Info.plist */,
				3C851086290CF33D00D1CFF2 /* CreateAccountViewController.swift */,
				3CDC8C5B290CF806004F735E /* Tools.swift */,
			);
			path = A902EmailAuth;
			sourceTree = "<group>";
		};
/* End PBXGroup section */

/* Begin PBXNativeTarget section */
		3C851065290CECC500D1CFF2 /* A902EmailAuth */ = {
			isa = PBXNativeTarget;
			buildConfigurationList = 3C85107A290CECC600D1CFF2 /* Build configuration list for PBXNativeTarget "A902EmailAuth" */;
			buildPhases = (
				3C851062290CECC500D1CFF2 /* Sources */,
				3C851063290CECC500D1CFF2 /* Frameworks */,
				3C851064290CECC500D1CFF2 /* Resources */,
			);
			buildRules = (
			);
			dependencies = (
			);
			name = A902EmailAuth;
			packageProductDependencies = (
				3C851080290CF03800D1CFF2 /* FirebaseAnalytics */,
				3C851082290CF03800D1CFF2 /* FirebaseAuth */,
			);
			productName = A902EmailAuth;
			productReference = 3C851066290CECC500D1CFF2 /* A902EmailAuth.app */;
			productType = "com.apple.product-type.application";
		};
/* End PBXNativeTarget section */

/* Begin PBXProject section */
		3C85105E290CECC500D1CFF2 /* Project object */ = {
			isa = PBXProject;
			attributes = {
				BuildIndependentTargetsInParallel = 1;
				LastSwiftUpdateCheck = 1400;
				LastUpgradeCheck = 1400;
				TargetAttributes = {
					3C851065290CECC500D1CFF2 = {
						CreatedOnToolsVersion = 14.0.1;
					};
				};
			};
			buildConfigurationList = 3C851061290CECC500D1CFF2 /* Build configuration list for PBXProject "A902EmailAuth" */;
			compatibilityVersion = "Xcode 14.0";
			developmentRegion = en;
			hasScannedForEncodings = 0;
			knownRegions = (
				en,
				Base,
			);
			mainGroup = 3C85105D290CECC500D1CFF2;
			packageReferences = (
				3C85107F290CF03800D1CFF2 /* XCRemoteSwiftPackageReference "firebase-ios-sdk" */,
			);
			productRefGroup = 3C851067290CECC500D1CFF2 /* Products */;
			projectDirPath = "";
			projectRoot = "";
			targets = (
				3C851065290CECC500D1CFF2 /* A902EmailAuth */,
			);
		};
/* End PBXProject section */

/* Begin PBXResourcesBuildPhase section */
		3C851064290CECC500D1CFF2 /* Resources */ = {
			isa = PBXResourcesBuildPhase;
			buildActionMask = 2147483647;
			files = (
				3C851076290CECC600D1CFF2 /* LaunchScreen.storyboard in Resources */,
				3C85107E290CEFDE00D1CFF2 /* GoogleService-Info.plist in Resources */,
				3C851073290CECC600D1CFF2 /* Assets.xcassets in Resources */,
				3C851071290CECC500D1CFF2 /* Main.storyboard in Resources */,
			);
			runOnlyForDeploymentPostprocessing = 0;
		};
/* End PBXResourcesBuildPhase section */

/* Begin PBXSourcesBuildPhase section */
		3C851062290CECC500D1CFF2 /* Sources */ = {
			isa = PBXSourcesBuildPhase;
			buildActionMask = 2147483647;
			files = (
				3C851087290CF33D00D1CFF2 /* CreateAccountViewController.swift in Sources */,
				3C85106E290CECC500D1CFF2 /* ViewController.swift in Sources */,
				3C85106A290CECC500D1CFF2 /* AppDelegate.swift in Sources */,
				3C85106C290CECC500D1CFF2 /* SceneDelegate.swift in Sources */,
				3CDC8C5C290CF806004F735E /* Tools.swift in Sources */,
			);
			runOnlyForDeploymentPostprocessing = 0;
		};
/* End PBXSourcesBuildPhase section */

/* Begin PBXVariantGroup section */
		3C85106F290CECC500D1CFF2 /* Main.storyboard */ = {
			isa = PBXVariantGroup;
			children = (
				3C851070290CECC500D1CFF2 /* Base */,
			);
			name = Main.storyboard;
			sourceTree = "<group>";
		};
		3C851074290CECC600D1CFF2 /* LaunchScreen.storyboard */ = {
			isa = PBXVariantGroup;
			children = (
				3C851075290CECC600D1CFF2 /* Base */,
			);
			name = LaunchScreen.storyboard;
			sourceTree = "<group>";
		};
/* End PBXVariantGroup section */

/* Begin XCBuildConfiguration section */
		3C851078290CECC600D1CFF2 /* Debug */ = {
			isa = XCBuildConfiguration;
			buildSettings = {
				ALWAYS_SEARCH_USER_PATHS = NO;
				CLANG_ANALYZER_NONNULL = YES;
				CLANG_ANALYZER_NUMBER_OBJECT_CONVERSION = YES_AGGRESSIVE;
				CLANG_CXX_LANGUAGE_STANDARD = "gnu++20";
				CLANG_ENABLE_MODULES = YES;
				CLANG_ENABLE_OBJC_ARC = YES;
				CLANG_ENABLE_OBJC_WEAK = YES;
				CLANG_WARN_BLOCK_CAPTURE_AUTORELEASING = YES;
				CLANG_WARN_BOOL_CONVERSION = YES;
				CLANG_WARN_COMMA = YES;
				CLANG_WARN_CONSTANT_CONVERSION = YES;
				CLANG_WARN_DEPRECATED_OBJC_IMPLEMENTATIONS = YES;
				CLANG_WARN_DIRECT_OBJC_ISA_USAGE = YES_ERROR;
				CLANG_WARN_DOCUMENTATION_COMMENTS = YES;
				CLANG_WARN_EMPTY_BODY = YES;
				CLANG_WARN_ENUM_CONVERSION = YES;
				CLANG_WARN_INFINITE_RECURSION = YES;
				CLANG_WARN_INT_CONVERSION = YES;
				CLANG_WARN_NON_LITERAL_NULL_CONVERSION = YES;
				CLANG_WARN_OBJC_IMPLICIT_RETAIN_SELF = YES;
				CLANG_WARN_OBJC_LITERAL_CONVERSION = YES;
				CLANG_WARN_OBJC_ROOT_CLASS = YES_ERROR;
				CLANG_WARN_QUOTED_INCLUDE_IN_FRAMEWORK_HEADER = YES;
				CLANG_WARN_RANGE_LOOP_ANALYSIS = YES;
				CLANG_WARN_STRICT_PROTOTYPES = YES;
				CLANG_WARN_SUSPICIOUS_MOVE = YES;
				CLANG_WARN_UNGUARDED_AVAILABILITY = YES_AGGRESSIVE;
				CLANG_WARN_UNREACHABLE_CODE = YES;
				CLANG_WARN__DUPLICATE_METHOD_MATCH = YES;
				COPY_PHASE_STRIP = NO;
				DEBUG_INFORMATION_FORMAT = dwarf;
				ENABLE_STRICT_OBJC_MSGSEND = YES;
				ENABLE_TESTABILITY = YES;
				GCC_C_LANGUAGE_STANDARD = gnu11;
				GCC_DYNAMIC_NO_PIC = NO;
				GCC_NO_COMMON_BLOCKS = YES;
				GCC_OPTIMIZATION_LEVEL = 0;
				GCC_PREPROCESSOR_DEFINITIONS = (
					"DEBUG=1",
					"$(inherited)",
				);
				GCC_WARN_64_TO_32_BIT_CONVERSION = YES;
				GCC_WARN_ABOUT_RETURN_TYPE = YES_ERROR;
				GCC_WARN_UNDECLARED_SELECTOR = YES;
				GCC_WARN_UNINITIALIZED_AUTOS = YES_AGGRESSIVE;
				GCC_WARN_UNUSED_FUNCTION = YES;
				GCC_WARN_UNUSED_VARIABLE = YES;
				IPHONEOS_DEPLOYMENT_TARGET = 16.0;
				MTL_ENABLE_DEBUG_INFO = INCLUDE_SOURCE;
				MTL_FAST_MATH = YES;
				ONLY_ACTIVE_ARCH = YES;
				SDKROOT = iphoneos;
				SWIFT_ACTIVE_COMPILATION_CONDITIONS = DEBUG;
				SWIFT_OPTIMIZATION_LEVEL = "-Onone";
			};
			name = Debug;
		};
		3C851079290CECC600D1CFF2 /* Release */ = {
			isa = XCBuildConfiguration;
			buildSettings = {
				ALWAYS_SEARCH_USER_PATHS = NO;
				CLANG_ANALYZER_NONNULL = YES;
				CLANG_ANALYZER_NUMBER_OBJECT_CONVERSION = YES_AGGRESSIVE;
				CLANG_CXX_LANGUAGE_STANDARD = "gnu++20";
				CLANG_ENABLE_MODULES = YES;
				CLANG_ENABLE_OBJC_ARC = YES;
				CLANG_ENABLE_OBJC_WEAK = YES;
				CLANG_WARN_BLOCK_CAPTURE_AUTORELEASING = YES;
				CLANG_WARN_BOOL_CONVERSION = YES;
				CLANG_WARN_COMMA = YES;
				CLANG_WARN_CONSTANT_CONVERSION = YES;
				CLANG_WARN_DEPRECATED_OBJC_IMPLEMENTATIONS = YES;
				CLANG_WARN_DIRECT_OBJC_ISA_USAGE = YES_ERROR;
				CLANG_WARN_DOCUMENTATION_COMMENTS = YES;
				CLANG_WARN_EMPTY_BODY = YES;
				CLANG_WARN_ENUM_CONVERSION = YES;
				CLANG_WARN_INFINITE_RECURSION = YES;
				CLANG_WARN_INT_CONVERSION = YES;
				CLANG_WARN_NON_LITERAL_NULL_CONVERSION = YES;
				CLANG_WARN_OBJC_IMPLICIT_RETAIN_SELF = YES;
				CLANG_WARN_OBJC_LITERAL_CONVERSION = YES;
				CLANG_WARN_OBJC_ROOT_CLASS = YES_ERROR;
				CLANG_WARN_QUOTED_INCLUDE_IN_FRAMEWORK_HEADER = YES;
				CLANG_WARN_RANGE_LOOP_ANALYSIS = YES;
				CLANG_WARN_STRICT_PROTOTYPES = YES;
				CLANG_WARN_SUSPICIOUS_MOVE = YES;
				CLANG_WARN_UNGUARDED_AVAILABILITY = YES_AGGRESSIVE;
				CLANG_WARN_UNREACHABLE_CODE = YES;
				CLANG_WARN__DUPLICATE_METHOD_MATCH = YES;
				COPY_PHASE_STRIP = NO;
				DEBUG_INFORMATION_FORMAT = "dwarf-with-dsym";
				ENABLE_NS_ASSERTIONS = NO;
				ENABLE_STRICT_OBJC_MSGSEND = YES;
				GCC_C_LANGUAGE_STANDARD = gnu11;
				GCC_NO_COMMON_BLOCKS = YES;
				GCC_WARN_64_TO_32_BIT_CONVERSION = YES;
				GCC_WARN_ABOUT_RETURN_TYPE = YES_ERROR;
				GCC_WARN_UNDECLARED_SELECTOR = YES;
				GCC_WARN_UNINITIALIZED_AUTOS = YES_AGGRESSIVE;
				GCC_WARN_UNUSED_FUNCTION = YES;
				GCC_WARN_UNUSED_VARIABLE = YES;
				IPHONEOS_DEPLOYMENT_TARGET = 16.0;
				MTL_ENABLE_DEBUG_INFO = NO;
				MTL_FAST_MATH = YES;
				SDKROOT = iphoneos;
				SWIFT_COMPILATION_MODE = wholemodule;
				SWIFT_OPTIMIZATION_LEVEL = "-O";
				VALIDATE_PRODUCT = YES;
			};
			name = Release;
		};
		3C85107B290CECC600D1CFF2 /* Debug */ = {
			isa = XCBuildConfiguration;
			buildSettings = {
				ASSETCATALOG_COMPILER_APPICON_NAME = AppIcon;
				ASSETCATALOG_COMPILER_GLOBAL_ACCENT_COLOR_NAME = AccentColor;
				CODE_SIGN_STYLE = Automatic;
				CURRENT_PROJECT_VERSION = 1;
				GENERATE_INFOPLIST_FILE = YES;
				INFOPLIST_FILE = A902EmailAuth/Info.plist;
				INFOPLIST_KEY_UIApplicationSupportsIndirectInputEvents = YES;
				INFOPLIST_KEY_UILaunchStoryboardName = LaunchScreen;
				INFOPLIST_KEY_UIMainStoryboardFile = Main;
				INFOPLIST_KEY_UISupportedInterfaceOrientations_iPad = "UIInterfaceOrientationPortrait UIInterfaceOrientationPortraitUpsideDown UIInterfaceOrientationLandscapeLeft UIInterfaceOrientationLandscapeRight";
				INFOPLIST_KEY_UISupportedInterfaceOrientations_iPhone = "UIInterfaceOrientationPortrait UIInterfaceOrientationLandscapeLeft UIInterfaceOrientationLandscapeRight";
				LD_RUNPATH_SEARCH_PATHS = (
					"$(inherited)",
					"@executable_path/Frameworks",
				);
				MARKETING_VERSION = 1.0;
				PRODUCT_BUNDLE_IDENTIFIER = s.A902EmailAuth;
				PRODUCT_NAME = "$(TARGET_NAME)";
				SWIFT_EMIT_LOC_STRINGS = YES;
				SWIFT_VERSION = 5.0;
				TARGETED_DEVICE_FAMILY = "1,2";
			};
			name = Debug;
		};
		3C85107C290CECC600D1CFF2 /* Release */ = {
			isa = XCBuildConfiguration;
			buildSettings = {
				ASSETCATALOG_COMPILER_APPICON_NAME = AppIcon;
				ASSETCATALOG_COMPILER_GLOBAL_ACCENT_COLOR_NAME = AccentColor;
				CODE_SIGN_STYLE = Automatic;
				CURRENT_PROJECT_VERSION = 1;
				GENERATE_INFOPLIST_FILE = YES;
				INFOPLIST_FILE = A902EmailAuth/Info.plist;
				INFOPLIST_KEY_UIApplicationSupportsIndirectInputEvents = YES;
				INFOPLIST_KEY_UILaunchStoryboardName = LaunchScreen;
				INFOPLIST_KEY_UIMainStoryboardFile = Main;
				INFOPLIST_KEY_UISupportedInterfaceOrientations_iPad = "UIInterfaceOrientationPortrait UIInterfaceOrientationPortraitUpsideDown UIInterfaceOrientationLandscapeLeft UIInterfaceOrientationLandscapeRight";
				INFOPLIST_KEY_UISupportedInterfaceOrientations_iPhone = "UIInterfaceOrientationPortrait UIInterfaceOrientationLandscapeLeft UIInterfaceOrientationLandscapeRight";
				LD_RUNPATH_SEARCH_PATHS = (
					"$(inherited)",
					"@executable_path/Frameworks",
				);
				MARKETING_VERSION = 1.0;
				PRODUCT_BUNDLE_IDENTIFIER = s.A902EmailAuth;
				PRODUCT_NAME = "$(TARGET_NAME)";
				SWIFT_EMIT_LOC_STRINGS = YES;
				SWIFT_VERSION = 5.0;
				TARGETED_DEVICE_FAMILY = "1,2";
			};
			name = Release;
		};
/* End XCBuildConfiguration section */

/* Begin XCConfigurationList section */
		3C851061290CECC500D1CFF2 /* Build configuration list for PBXProject "A902EmailAuth" */ = {
			isa = XCConfigurationList;
			buildConfigurations = (
				3C851078290CECC600D1CFF2 /* Debug */,
				3C851079290CECC600D1CFF2 /* Release */,
			);
			defaultConfigurationIsVisible = 0;
			defaultConfigurationName = Release;
		};
		3C85107A290CECC600D1CFF2 /* Build configuration list for PBXNativeTarget "A902EmailAuth" */ = {
			isa = XCConfigurationList;
			buildConfigurations = (
				3C85107B290CECC600D1CFF2 /* Debug */,
				3C85107C290CECC600D1CFF2 /* Release */,
			);
			defaultConfigurationIsVisible = 0;
			defaultConfigurationName = Release;
		};
/* End XCConfigurationList section */

/* Begin XCRemoteSwiftPackageReference section */
		3C85107F290CF03800D1CFF2 /* XCRemoteSwiftPackageReference "firebase-ios-sdk" */ = {
			isa = XCRemoteSwiftPackageReference;
			repositoryURL = "https://github.com/firebase/firebase-ios-sdk";
			requirement = {
				kind = upToNextMinorVersion;
				minimumVersion = 9.6.0;
			};
		};
/* End XCRemoteSwiftPackageReference section */

/* Begin XCSwiftPackageProductDependency section */
		3C851080290CF03800D1CFF2 /* FirebaseAnalytics */ = {
			isa = XCSwiftPackageProductDependency;
			package = 3C85107F290CF03800D1CFF2 /* XCRemoteSwiftPackageReference "firebase-ios-sdk" */;
			productName = FirebaseAnalytics;
		};
		3C851082290CF03800D1CFF2 /* FirebaseAuth */ = {
			isa = XCSwiftPackageProductDependency;
			package = 3C85107F290CF03800D1CFF2 /* XCRemoteSwiftPackageReference "firebase-ios-sdk" */;
			productName = FirebaseAuth;
		};
/* End XCSwiftPackageProductDependency section */
	};
	rootObject = 3C85105E290CECC500D1CFF2 /* Project object */;
}
